
Microsoft Visual Studio Solution File, Format Version 12.00
# Visual Studio 15
VisualStudioVersion = 15.0.28307.168
MinimumVisualStudioVersion = 10.0.40219.1
Project("{9A19103F-16F7-4668-BE54-9A1E7A4F7556}") = "MarsRover_Case.ConsoleApp", "MarsRover_Case.ConsoleApp\MarsRover_Case.ConsoleApp.csproj", "{FBB4A886-66E7-4F1B-87FD-768A7292EE92}"
EndProject
Project("{FAE04EC0-301F-11D3-BF4B-00C04F79EFBC}") = "MarsRover_Case.UnitTest", "MarsRover_Case.UnitTest\MarsRover_Case.UnitTest.csproj", "{AF182275-7040-4331-AC17-8E4B2A66843D}"
EndProject
Global
	GlobalSection(SolutionConfigurationPlatforms) = preSolution
		Debug|Any CPU = Debug|Any CPU
		Release|Any CPU = Release|Any CPU
	EndGlobalSection
	GlobalSection(ProjectConfigurationPlatforms) = postSolution
		{FBB4A886-66E7-4F1B-87FD-768A7292EE92}.Debug|Any CPU.ActiveCfg = Debug|Any CPU
		{FBB4A886-66E7-4F1B-87FD-768A7292EE92}.Debug|Any CPU.Build.0 = Debug|Any CPU
		{FBB4A886-66E7-4F1B-87FD-768A7292EE92}.Release|Any CPU.ActiveCfg = Release|Any CPU
		{FBB4A886-66E7-4F1B-87FD-768A7292EE92}.Release|Any CPU.Build.0 = Release|Any CPU
		{AF182275-7040-4331-AC17-8E4B2A66843D}.Debug|Any CPU.ActiveCfg = Debug|Any CPU
		{AF182275-7040-4331-AC17-8E4B2A66843D}.Debug|Any CPU.Build.0 = Debug|Any CPU
		{AF182275-7040-4331-AC17-8E4B2A66843D}.Release|Any CPU.ActiveCfg = Release|Any CPU
		{AF182275-7040-4331-AC17-8E4B2A66843D}.Release|Any CPU.Build.0 = Release|Any CPU
	EndGlobalSection
	GlobalSection(SolutionProperties) = preSolution
		HideSolutionNode = FALSE
	EndGlobalSection
	GlobalSection(ExtensibilityGlobals) = postSolution
		SolutionGuid = {F29F030B-4776-4C8B-AA80-20A78533132A}
	EndGlobalSection
EndGlobal
